// !$*UTF8*$!
{
	archiveVersion = 1;
	classes = {
	};
	objectVersion = 46;
	objects = {

/* Begin PBXBuildFile section */
		7D2CDE221E5160610096AF52 /* Video.m in Sources */ = {isa = PBXBuildFile; fileRef = 7D2CDE211E5160610096AF52 /* Video.m */; };
		7D2CDE251E51612C0096AF52 /* VideoCell.m in Sources */ = {isa = PBXBuildFile; fileRef = 7D2CDE241E51612C0096AF52 /* VideoCell.m */; };
		7DFEB7F51E5089500038FCE8 /* main.m in Sources */ = {isa = PBXBuildFile; fileRef = 7DFEB7F41E5089500038FCE8 /* main.m */; };
		7DFEB7F81E5089500038FCE8 /* AppDelegate.m in Sources */ = {isa = PBXBuildFile; fileRef = 7DFEB7F71E5089500038FCE8 /* AppDelegate.m */; };
		7DFEB7FB1E5089500038FCE8 /* ViewController.m in Sources */ = {isa = PBXBuildFile; fileRef = 7DFEB7FA1E5089500038FCE8 /* ViewController.m */; };
		7DFEB7FE1E5089500038FCE8 /* Main.storyboard in Resources */ = {isa = PBXBuildFile; fileRef = 7DFEB7FC1E5089500038FCE8 /* Main.storyboard */; };
		7DFEB8001E5089500038FCE8 /* Assets.xcassets in Resources */ = {isa = PBXBuildFile; fileRef = 7DFEB7FF1E5089500038FCE8 /* Assets.xcassets */; };
		7DFEB8031E5089500038FCE8 /* LaunchScreen.storyboard in Resources */ = {isa = PBXBuildFile; fileRef = 7DFEB8011E5089500038FCE8 /* LaunchScreen.storyboard */; };
		7DFEB80E1E5089510038FCE8 /* YoutubeAppTests.m in Sources */ = {isa = PBXBuildFile; fileRef = 7DFEB80D1E5089510038FCE8 /* YoutubeAppTests.m */; };
		7DFEB8191E5089510038FCE8 /* YoutubeAppUITests.m in Sources */ = {isa = PBXBuildFile; fileRef = 7DFEB8181E5089510038FCE8 /* YoutubeAppUITests.m */; };
		7DFEB8291E50910D0038FCE8 /* HTTPService.m in Sources */ = {isa = PBXBuildFile; fileRef = 7DFEB8281E50910D0038FCE8 /* HTTPService.m */; };
/* End PBXBuildFile section */

/* Begin PBXContainerItemProxy section */
		7DFEB80A1E5089510038FCE8 /* PBXContainerItemProxy */ = {
			isa = PBXContainerItemProxy;
			containerPortal = 7DFEB7E81E5089500038FCE8 /* Project object */;
			proxyType = 1;
			remoteGlobalIDString = 7DFEB7EF1E5089500038FCE8;
			remoteInfo = YoutubeApp;
		};
		7DFEB8151E5089510038FCE8 /* PBXContainerItemProxy */ = {
			isa = PBXContainerItemProxy;
			containerPortal = 7DFEB7E81E5089500038FCE8 /* Project object */;
			proxyType = 1;
			remoteGlobalIDString = 7DFEB7EF1E5089500038FCE8;
			remoteInfo = YoutubeApp;
		};
/* End PBXContainerItemProxy section */

/* Begin PBXFileReference section */
		7D2CDE201E5160610096AF52 /* Video.h */ = {isa = PBXFileReference; fileEncoding = 4; lastKnownFileType = sourcecode.c.h; path = Video.h; sourceTree = "<group>"; };
		7D2CDE211E5160610096AF52 /* Video.m */ = {isa = PBXFileReference; fileEncoding = 4; lastKnownFileType = sourcecode.c.objc; path = Video.m; sourceTree = "<group>"; };
		7D2CDE231E51612C0096AF52 /* VideoCell.h */ = {isa = PBXFileReference; fileEncoding = 4; lastKnownFileType = sourcecode.c.h; path = VideoCell.h; sourceTree = "<group>"; };
		7D2CDE241E51612C0096AF52 /* VideoCell.m */ = {isa = PBXFileReference; fileEncoding = 4; lastKnownFileType = sourcecode.c.objc; path = VideoCell.m; sourceTree = "<group>"; };
		7DFEB7F01E5089500038FCE8 /* YoutubeApp.app */ = {isa = PBXFileReference; explicitFileType = wrapper.application; includeInIndex = 0; path = YoutubeApp.app; sourceTree = BUILT_PRODUCTS_DIR; };
		7DFEB7F41E5089500038FCE8 /* main.m */ = {isa = PBXFileReference; lastKnownFileType = sourcecode.c.objc; path = main.m; sourceTree = "<group>"; };
		7DFEB7F61E5089500038FCE8 /* AppDelegate.h */ = {isa = PBXFileReference; lastKnownFileType = sourcecode.c.h; path = AppDelegate.h; sourceTree = "<group>"; };
		7DFEB7F71E5089500038FCE8 /* AppDelegate.m */ = {isa = PBXFileReference; lastKnownFileType = sourcecode.c.objc; path = AppDelegate.m; sourceTree = "<group>"; };
		7DFEB7F91E5089500038FCE8 /* ViewController.h */ = {isa = PBXFileReference; lastKnownFileType = sourcecode.c.h; path = ViewController.h; sourceTree = "<group>"; };
		7DFEB7FA1E5089500038FCE8 /* ViewController.m */ = {isa = PBXFileReference; lastKnownFileType = sourcecode.c.objc; path = ViewController.m; sourceTree = "<group>"; };
		7DFEB7FD1E5089500038FCE8 /* Base */ = {isa = PBXFileReference; lastKnownFileType = file.storyboard; name = Base; path = Base.lproj/Main.storyboard; sourceTree = "<group>"; };
		7DFEB7FF1E5089500038FCE8 /* Assets.xcassets */ = {isa = PBXFileReference; lastKnownFileType = folder.assetcatalog; path = Assets.xcassets; sourceTree = "<group>"; };
		7DFEB8021E5089500038FCE8 /* Base */ = {isa = PBXFileReference; lastKnownFileType = file.storyboard; name = Base; path = Base.lproj/LaunchScreen.storyboard; sourceTree = "<group>"; };
		7DFEB8041E5089500038FCE8 /* Info.plist */ = {isa = PBXFileReference; lastKnownFileType = text.plist.xml; path = Info.plist; sourceTree = "<group>"; };
		7DFEB8091E5089510038FCE8 /* YoutubeAppTests.xctest */ = {isa = PBXFileReference; explicitFileType = wrapper.cfbundle; includeInIndex = 0; path = YoutubeAppTests.xctest; sourceTree = BUILT_PRODUCTS_DIR; };
		7DFEB80D1E5089510038FCE8 /* YoutubeAppTests.m */ = {isa = PBXFileReference; lastKnownFileType = sourcecode.c.objc; path = YoutubeAppTests.m; sourceTree = "<group>"; };
		7DFEB80F1E5089510038FCE8 /* Info.plist */ = {isa = PBXFileReference; lastKnownFileType = text.plist.xml; path = Info.plist; sourceTree = "<group>"; };
		7DFEB8141E5089510038FCE8 /* YoutubeAppUITests.xctest */ = {isa = PBXFileReference; explicitFileType = wrapper.cfbundle; includeInIndex = 0; path = YoutubeAppUITests.xctest; sourceTree = BUILT_PRODUCTS_DIR; };
		7DFEB8181E5089510038FCE8 /* YoutubeAppUITests.m */ = {isa = PBXFileReference; lastKnownFileType = sourcecode.c.objc; path = YoutubeAppUITests.m; sourceTree = "<group>"; };
		7DFEB81A1E5089510038FCE8 /* Info.plist */ = {isa = PBXFileReference; lastKnownFileType = text.plist.xml; path = Info.plist; sourceTree = "<group>"; };
		7DFEB8271E50910D0038FCE8 /* HTTPService.h */ = {isa = PBXFileReference; fileEncoding = 4; lastKnownFileType = sourcecode.c.h; path = HTTPService.h; sourceTree = "<group>"; };
		7DFEB8281E50910D0038FCE8 /* HTTPService.m */ = {isa = PBXFileReference; fileEncoding = 4; lastKnownFileType = sourcecode.c.objc; path = HTTPService.m; sourceTree = "<group>"; };
/* End PBXFileReference section */

/* Begin PBXFrameworksBuildPhase section */
		7DFEB7ED1E5089500038FCE8 /* Frameworks */ = {
			isa = PBXFrameworksBuildPhase;
			buildActionMask = 2147483647;
			files = (
			);
			runOnlyForDeploymentPostprocessing = 0;
		};
		7DFEB8061E5089510038FCE8 /* Frameworks */ = {
			isa = PBXFrameworksBuildPhase;
			buildActionMask = 2147483647;
			files = (
			);
			runOnlyForDeploymentPostprocessing = 0;
		};
		7DFEB8111E5089510038FCE8 /* Frameworks */ = {
			isa = PBXFrameworksBuildPhase;
			buildActionMask = 2147483647;
			files = (
			);
			runOnlyForDeploymentPostprocessing = 0;
		};
/* End PBXFrameworksBuildPhase section */

/* Begin PBXGroup section */
		7D2CDE1D1E515FBB0096AF52 /* Model */ = {
			isa = PBXGroup;
			children = (
				7D2CDE201E5160610096AF52 /* Video.h */,
				7D2CDE211E5160610096AF52 /* Video.m */,
			);
			name = Model;
			sourceTree = "<group>";
		};
		7D2CDE1E1E515FDC0096AF52 /* View */ = {
			isa = PBXGroup;
			children = (
				7D2CDE231E51612C0096AF52 /* VideoCell.h */,
				7D2CDE241E51612C0096AF52 /* VideoCell.m */,
			);
			name = View;
			sourceTree = "<group>";
		};
		7D2CDE1F1E5160210096AF52 /* Controller */ = {
			isa = PBXGroup;
			children = (
				7DFEB7F91E5089500038FCE8 /* ViewController.h */,
				7DFEB7FA1E5089500038FCE8 /* ViewController.m */,
			);
			name = Controller;
			sourceTree = "<group>";
		};
		7DFEB7E71E5089500038FCE8 = {
			isa = PBXGroup;
			children = (
				7DFEB7F21E5089500038FCE8 /* YoutubeApp */,
				7DFEB80C1E5089510038FCE8 /* YoutubeAppTests */,
				7DFEB8171E5089510038FCE8 /* YoutubeAppUITests */,
				7DFEB7F11E5089500038FCE8 /* Products */,
			);
			sourceTree = "<group>";
		};
		7DFEB7F11E5089500038FCE8 /* Products */ = {
			isa = PBXGroup;
			children = (
				7DFEB7F01E5089500038FCE8 /* YoutubeApp.app */,
				7DFEB8091E5089510038FCE8 /* YoutubeAppTests.xctest */,
				7DFEB8141E5089510038FCE8 /* YoutubeAppUITests.xctest */,
			);
			name = Products;
			sourceTree = "<group>";
		};
		7DFEB7F21E5089500038FCE8 /* YoutubeApp */ = {
			isa = PBXGroup;
			children = (
				7D2CDE1E1E515FDC0096AF52 /* View */,
				7D2CDE1D1E515FBB0096AF52 /* Model */,
				7DFEB8261E5090D80038FCE8 /* Services */,
				7DFEB7F61E5089500038FCE8 /* AppDelegate.h */,
				7DFEB7F71E5089500038FCE8 /* AppDelegate.m */,
				7D2CDE1F1E5160210096AF52 /* Controller */,
				7DFEB7FC1E5089500038FCE8 /* Main.storyboard */,
				7DFEB7FF1E5089500038FCE8 /* Assets.xcassets */,
				7DFEB8011E5089500038FCE8 /* LaunchScreen.storyboard */,
				7DFEB8041E5089500038FCE8 /* Info.plist */,
				7DFEB7F31E5089500038FCE8 /* Supporting Files */,
			);
			path = YoutubeApp;
			sourceTree = "<group>";
		};
		7DFEB7F31E5089500038FCE8 /* Supporting Files */ = {
			isa = PBXGroup;
			children = (
				7DFEB7F41E5089500038FCE8 /* main.m */,
			);
			name = "Supporting Files";
			sourceTree = "<group>";
		};
		7DFEB80C1E5089510038FCE8 /* YoutubeAppTests */ = {
			isa = PBXGroup;
			children = (
				7DFEB80D1E5089510038FCE8 /* YoutubeAppTests.m */,
				7DFEB80F1E5089510038FCE8 /* Info.plist */,
			);
			path = YoutubeAppTests;
			sourceTree = "<group>";
		};
		7DFEB8171E5089510038FCE8 /* YoutubeAppUITests */ = {
			isa = PBXGroup;
			children = (
				7DFEB8181E5089510038FCE8 /* YoutubeAppUITests.m */,
				7DFEB81A1E5089510038FCE8 /* Info.plist */,
			);
			path = YoutubeAppUITests;
			sourceTree = "<group>";
		};
		7DFEB8261E5090D80038FCE8 /* Services */ = {
			isa = PBXGroup;
			children = (
				7DFEB8271E50910D0038FCE8 /* HTTPService.h */,
				7DFEB8281E50910D0038FCE8 /* HTTPService.m */,
			);
			name = Services;
			sourceTree = "<group>";
		};
/* End PBXGroup section */

/* Begin PBXNativeTarget section */
		7DFEB7EF1E5089500038FCE8 /* YoutubeApp */ = {
			isa = PBXNativeTarget;
			buildConfigurationList = 7DFEB81D1E5089510038FCE8 /* Build configuration list for PBXNativeTarget "YoutubeApp" */;
			buildPhases = (
				7DFEB7EC1E5089500038FCE8 /* Sources */,
				7DFEB7ED1E5089500038FCE8 /* Frameworks */,
				7DFEB7EE1E5089500038FCE8 /* Resources */,
			);
			buildRules = (
			);
			dependencies = (
			);
			name = YoutubeApp;
			productName = YoutubeApp;
			productReference = 7DFEB7F01E5089500038FCE8 /* YoutubeApp.app */;
			productType = "com.apple.product-type.application";
		};
		7DFEB8081E5089510038FCE8 /* YoutubeAppTests */ = {
			isa = PBXNativeTarget;
			buildConfigurationList = 7DFEB8201E5089510038FCE8 /* Build configuration list for PBXNativeTarget "YoutubeAppTests" */;
			buildPhases = (
				7DFEB8051E5089510038FCE8 /* Sources */,
				7DFEB8061E5089510038FCE8 /* Frameworks */,
				7DFEB8071E5089510038FCE8 /* Resources */,
			);
			buildRules = (
			);
			dependencies = (
				7DFEB80B1E5089510038FCE8 /* PBXTargetDependency */,
			);
			name = YoutubeAppTests;
			productName = YoutubeAppTests;
			productReference = 7DFEB8091E5089510038FCE8 /* YoutubeAppTests.xctest */;
			productType = "com.apple.product-type.bundle.unit-test";
		};
		7DFEB8131E5089510038FCE8 /* YoutubeAppUITests */ = {
			isa = PBXNativeTarget;
			buildConfigurationList = 7DFEB8231E5089510038FCE8 /* Build configuration list for PBXNativeTarget "YoutubeAppUITests" */;
			buildPhases = (
				7DFEB8101E5089510038FCE8 /* Sources */,
				7DFEB8111E5089510038FCE8 /* Frameworks */,
				7DFEB8121E5089510038FCE8 /* Resources */,
			);
			buildRules = (
			);
			dependencies = (
				7DFEB8161E5089510038FCE8 /* PBXTargetDependency */,
			);
			name = YoutubeAppUITests;
			productName = YoutubeAppUITests;
			productReference = 7DFEB8141E5089510038FCE8 /* YoutubeAppUITests.xctest */;
			productType = "com.apple.product-type.bundle.ui-testing";
		};
/* End PBXNativeTarget section */

/* Begin PBXProject section */
		7DFEB7E81E5089500038FCE8 /* Project object */ = {
			isa = PBXProject;
			attributes = {
				LastUpgradeCheck = 0820;
				ORGANIZATIONNAME = Ta;
				TargetAttributes = {
					7DFEB7EF1E5089500038FCE8 = {
						CreatedOnToolsVersion = 8.2.1;
						ProvisioningStyle = Automatic;
					};
					7DFEB8081E5089510038FCE8 = {
						CreatedOnToolsVersion = 8.2.1;
						ProvisioningStyle = Automatic;
						TestTargetID = 7DFEB7EF1E5089500038FCE8;
					};
					7DFEB8131E5089510038FCE8 = {
						CreatedOnToolsVersion = 8.2.1;
						ProvisioningStyle = Automatic;
						TestTargetID = 7DFEB7EF1E5089500038FCE8;
					};
				};
			};
			buildConfigurationList = 7DFEB7EB1E5089500038FCE8 /* Build configuration list for PBXProject "YoutubeApp" */;
			compatibilityVersion = "Xcode 3.2";
			developmentRegion = English;
			hasScannedForEncodings = 0;
			knownRegions = (
				en,
				Base,
			);
			mainGroup = 7DFEB7E71E5089500038FCE8;
			productRefGroup = 7DFEB7F11E5089500038FCE8 /* Products */;
			projectDirPath = "";
			projectRoot = "";
			targets = (
				7DFEB7EF1E5089500038FCE8 /* YoutubeApp */,
				7DFEB8081E5089510038FCE8 /* YoutubeAppTests */,
				7DFEB8131E5089510038FCE8 /* YoutubeAppUITests */,
			);
		};
/* End PBXProject section */

/* Begin PBXResourcesBuildPhase section */
		7DFEB7EE1E5089500038FCE8 /* Resources */ = {
			isa = PBXResourcesBuildPhase;
			buildActionMask = 2147483647;
			files = (
				7DFEB8031E5089500038FCE8 /* LaunchScreen.storyboard in Resources */,
				7DFEB8001E5089500038FCE8 /* Assets.xcassets in Resources */,
				7DFEB7FE1E5089500038FCE8 /* Main.storyboard in Resources */,
			);
			runOnlyForDeploymentPostprocessing = 0;
		};
		7DFEB8071E5089510038FCE8 /* Resources */ = {
			isa = PBXResourcesBuildPhase;
			buildActionMask = 2147483647;
			files = (
			);
			runOnlyForDeploymentPostprocessing = 0;
		};
		7DFEB8121E5089510038FCE8 /* Resources */ = {
			isa = PBXResourcesBuildPhase;
			buildActionMask = 2147483647;
			files = (
			);
			runOnlyForDeploymentPostprocessing = 0;
		};
/* End PBXResourcesBuildPhase section */

/* Begin PBXSourcesBuildPhase section */
		7DFEB7EC1E5089500038FCE8 /* Sources */ = {
			isa = PBXSourcesBuildPhase;
			buildActionMask = 2147483647;
			files = (
				7DFEB7FB1E5089500038FCE8 /* ViewController.m in Sources */,
				7D2CDE251E51612C0096AF52 /* VideoCell.m in Sources */,
				7DFEB8291E50910D0038FCE8 /* HTTPService.m in Sources */,
				7DFEB7F81E5089500038FCE8 /* AppDelegate.m in Sources */,
				7D2CDE221E5160610096AF52 /* Video.m in Sources */,
				7DFEB7F51E5089500038FCE8 /* main.m in Sources */,
			);
			runOnlyForDeploymentPostprocessing = 0;
		};
		7DFEB8051E5089510038FCE8 /* Sources */ = {
			isa = PBXSourcesBuildPhase;
			buildActionMask = 2147483647;
			files = (
				7DFEB80E1E5089510038FCE8 /* YoutubeAppTests.m in Sources */,
			);
			runOnlyForDeploymentPostprocessing = 0;
		};
		7DFEB8101E5089510038FCE8 /* Sources */ = {
			isa = PBXSourcesBuildPhase;
			buildActionMask = 2147483647;
			files = (
				7DFEB8191E5089510038FCE8 /* YoutubeAppUITests.m in Sources */,
			);
			runOnlyForDeploymentPostprocessing = 0;
		};
/* End PBXSourcesBuildPhase section */

/* Begin PBXTargetDependency section */
		7DFEB80B1E5089510038FCE8 /* PBXTargetDependency */ = {
			isa = PBXTargetDependency;
			target = 7DFEB7EF1E5089500038FCE8 /* YoutubeApp */;
			targetProxy = 7DFEB80A1E5089510038FCE8 /* PBXContainerItemProxy */;
		};
		7DFEB8161E5089510038FCE8 /* PBXTargetDependency */ = {
			isa = PBXTargetDependency;
			target = 7DFEB7EF1E5089500038FCE8 /* YoutubeApp */;
			targetProxy = 7DFEB8151E5089510038FCE8 /* PBXContainerItemProxy */;
		};
/* End PBXTargetDependency section */

/* Begin PBXVariantGroup section */
		7DFEB7FC1E5089500038FCE8 /* Main.storyboard */ = {
			isa = PBXVariantGroup;
			children = (
				7DFEB7FD1E5089500038FCE8 /* Base */,
			);
			name = Main.storyboard;
			sourceTree = "<group>";
		};
		7DFEB8011E5089500038FCE8 /* LaunchScreen.storyboard */ = {
			isa = PBXVariantGroup;
			children = (
				7DFEB8021E5089500038FCE8 /* Base */,
			);
			name = LaunchScreen.storyboard;
			sourceTree = "<group>";
		};
/* End PBXVariantGroup section */

/* Begin XCBuildConfiguration section */
		7DFEB81B1E5089510038FCE8 /* Debug */ = {
			isa = XCBuildConfiguration;
			buildSettings = {
				ALWAYS_SEARCH_USER_PATHS = NO;
				CLANG_ANALYZER_NONNULL = YES;
				CLANG_CXX_LANGUAGE_STANDARD = "gnu++0x";
				CLANG_CXX_LIBRARY = "libc++";
				CLANG_ENABLE_MODULES = YES;
				CLANG_ENABLE_OBJC_ARC = YES;
				CLANG_WARN_BOOL_CONVERSION = YES;
				CLANG_WARN_CONSTANT_CONVERSION = YES;
				CLANG_WARN_DIRECT_OBJC_ISA_USAGE = YES_ERROR;
				CLANG_WARN_DOCUMENTATION_COMMENTS = YES;
				CLANG_WARN_EMPTY_BODY = YES;
				CLANG_WARN_ENUM_CONVERSION = YES;
				CLANG_WARN_INFINITE_RECURSION = YES;
				CLANG_WARN_INT_CONVERSION = YES;
				CLANG_WARN_OBJC_ROOT_CLASS = YES_ERROR;
				CLANG_WARN_SUSPICIOUS_MOVE = YES;
				CLANG_WARN_UNREACHABLE_CODE = YES;
				CLANG_WARN__DUPLICATE_METHOD_MATCH = YES;
				"CODE_SIGN_IDENTITY[sdk=iphoneos*]" = "iPhone Developer";
				COPY_PHASE_STRIP = NO;
				DEBUG_INFORMATION_FORMAT = dwarf;
				ENABLE_STRICT_OBJC_MSGSEND = YES;
				ENABLE_TESTABILITY = YES;
				GCC_C_LANGUAGE_STANDARD = gnu99;
				GCC_DYNAMIC_NO_PIC = NO;
				GCC_NO_COMMON_BLOCKS = YES;
				GCC_OPTIMIZATION_LEVEL = 0;
				GCC_PREPROCESSOR_DEFINITIONS = (
					"DEBUG=1",
					"$(inherited)",
				);
				GCC_WARN_64_TO_32_BIT_CONVERSION = YES;
				GCC_WARN_ABOUT_RETURN_TYPE = YES_ERROR;
				GCC_WARN_UNDECLARED_SELECTOR = YES;
				GCC_WARN_UNINITIALIZED_AUTOS = YES_AGGRESSIVE;
				GCC_WARN_UNUSED_FUNCTION = YES;
				GCC_WARN_UNUSED_VARIABLE = YES;
				IPHONEOS_DEPLOYMENT_TARGET = 10.2;
				MTL_ENABLE_DEBUG_INFO = YES;
				ONLY_ACTIVE_ARCH = YES;
				SDKROOT = iphoneos;
				TARGETED_DEVICE_FAMILY = "1,2";
			};
			name = Debug;
		};
		7DFEB81C1E5089510038FCE8 /* Release */ = {
			isa = XCBuildConfiguration;
			buildSettings = {
				ALWAYS_SEARCH_USER_PATHS = NO;
				CLANG_ANALYZER_NONNULL = YES;
				CLANG_CXX_LANGUAGE_STANDARD = "gnu++0x";
				CLANG_CXX_LIBRARY = "libc++";
				CLANG_ENABLE_MODULES = YES;
				CLANG_ENABLE_OBJC_ARC = YES;
				CLANG_WARN_BOOL_CONVERSION = YES;
				CLANG_WARN_CONSTANT_CONVERSION = YES;
				CLANG_WARN_DIRECT_OBJC_ISA_USAGE = YES_ERROR;
				CLANG_WARN_DOCUMENTATION_COMMENTS = YES;
				CLANG_WARN_EMPTY_BODY = YES;
				CLANG_WARN_ENUM_CONVERSION = YES;
				CLANG_WARN_INFINITE_RECURSION = YES;
				CLANG_WARN_INT_CONVERSION = YES;
				CLANG_WARN_OBJC_ROOT_CLASS = YES_ERROR;
				CLANG_WARN_SUSPICIOUS_MOVE = YES;
				CLANG_WARN_UNREACHABLE_CODE = YES;
				CLANG_WARN__DUPLICATE_METHOD_MATCH = YES;
				"CODE_SIGN_IDENTITY[sdk=iphoneos*]" = "iPhone Developer";
				COPY_PHASE_STRIP = NO;
				DEBUG_INFORMATION_FORMAT = "dwarf-with-dsym";
				ENABLE_NS_ASSERTIONS = NO;
				ENABLE_STRICT_OBJC_MSGSEND = YES;
				GCC_C_LANGUAGE_STANDARD = gnu99;
				GCC_NO_COMMON_BLOCKS = YES;
				GCC_WARN_64_TO_32_BIT_CONVERSION = YES;
				GCC_WARN_ABOUT_RETURN_TYPE = YES_ERROR;
				GCC_WARN_UNDECLARED_SELECTOR = YES;
				GCC_WARN_UNINITIALIZED_AUTOS = YES_AGGRESSIVE;
				GCC_WARN_UNUSED_FUNCTION = YES;
				GCC_WARN_UNUSED_VARIABLE = YES;
				IPHONEOS_DEPLOYMENT_TARGET = 10.2;
				MTL_ENABLE_DEBUG_INFO = NO;
				SDKROOT = iphoneos;
				TARGETED_DEVICE_FAMILY = "1,2";
				VALIDATE_PRODUCT = YES;
			};
			name = Release;
		};
		7DFEB81E1E5089510038FCE8 /* Debug */ = {
			isa = XCBuildConfiguration;
			buildSettings = {
				ASSETCATALOG_COMPILER_APPICON_NAME = AppIcon;
				INFOPLIST_FILE = YoutubeApp/Info.plist;
				LD_RUNPATH_SEARCH_PATHS = "$(inherited) @executable_path/Frameworks";
				PRODUCT_BUNDLE_IDENTIFIER = tma.YoutubeApp;
				PRODUCT_NAME = "$(TARGET_NAME)";
			};
			name = Debug;
		};
		7DFEB81F1E5089510038FCE8 /* Release */ = {
			isa = XCBuildConfiguration;
			buildSettings = {
				ASSETCATALOG_COMPILER_APPICON_NAME = AppIcon;
				INFOPLIST_FILE = YoutubeApp/Info.plist;
				LD_RUNPATH_SEARCH_PATHS = "$(inherited) @executable_path/Frameworks";
				PRODUCT_BUNDLE_IDENTIFIER = tma.YoutubeApp;
				PRODUCT_NAME = "$(TARGET_NAME)";
			};
			name = Release;
		};
		7DFEB8211E5089510038FCE8 /* Debug */ = {
			isa = XCBuildConfiguration;
			buildSettings = {
				BUNDLE_LOADER = "$(TEST_HOST)";
				INFOPLIST_FILE = YoutubeAppTests/Info.plist;
				LD_RUNPATH_SEARCH_PATHS = "$(inherited) @executable_path/Frameworks @loader_path/Frameworks";
				PRODUCT_BUNDLE_IDENTIFIER = tma.YoutubeAppTests;
				PRODUCT_NAME = "$(TARGET_NAME)";
				TEST_HOST = "$(BUILT_PRODUCTS_DIR)/YoutubeApp.app/YoutubeApp";
			};
			name = Debug;
		};
		7DFEB8221E5089510038FCE8 /* Release */ = {
			isa = XCBuildConfiguration;
			buildSettings = {
				BUNDLE_LOADER = "$(TEST_HOST)";
				INFOPLIST_FILE = YoutubeAppTests/Info.plist;
				LD_RUNPATH_SEARCH_PATHS = "$(inherited) @executable_path/Frameworks @loader_path/Frameworks";
				PRODUCT_BUNDLE_IDENTIFIER = tma.YoutubeAppTests;
				PRODUCT_NAME = "$(TARGET_NAME)";
				TEST_HOST = "$(BUILT_PRODUCTS_DIR)/YoutubeApp.app/YoutubeApp";
			};
			name = Release;
		};
		7DFEB8241E5089510038FCE8 /* Debug */ = {
			isa = XCBuildConfiguration;
			buildSettings = {
				INFOPLIST_FILE = YoutubeAppUITests/Info.plist;
				LD_RUNPATH_SEARCH_PATHS = "$(inherited) @executable_path/Frameworks @loader_path/Frameworks";
				PRODUCT_BUNDLE_IDENTIFIER = tma.YoutubeAppUITests;
				PRODUCT_NAME = "$(TARGET_NAME)";
				TEST_TARGET_NAME = YoutubeApp;
			};
			name = Debug;
		};
		7DFEB8251E5089510038FCE8 /* Release */ = {
			isa = XCBuildConfiguration;
			buildSettings = {
				INFOPLIST_FILE = YoutubeAppUITests/Info.plist;
				LD_RUNPATH_SEARCH_PATHS = "$(inherited) @executable_path/Frameworks @loader_path/Frameworks";
				PRODUCT_BUNDLE_IDENTIFIER = tma.YoutubeAppUITests;
				PRODUCT_NAME = "$(TARGET_NAME)";
				TEST_TARGET_NAME = YoutubeApp;
			};
			name = Release;
		};
/* End XCBuildConfiguration section */

/* Begin XCConfigurationList section */
		7DFEB7EB1E5089500038FCE8 /* Build configuration list for PBXProject "YoutubeApp" */ = {
			isa = XCConfigurationList;
			buildConfigurations = (
				7DFEB81B1E5089510038FCE8 /* Debug */,
				7DFEB81C1E5089510038FCE8 /* Release */,
			);
			defaultConfigurationIsVisible = 0;
			defaultConfigurationName = Release;
		};
		7DFEB81D1E5089510038FCE8 /* Build configuration list for PBXNativeTarget "YoutubeApp" */ = {
			isa = XCConfigurationList;
			buildConfigurations = (
				7DFEB81E1E5089510038FCE8 /* Debug */,
				7DFEB81F1E5089510038FCE8 /* Release */,
			);
			defaultConfigurationIsVisible = 0;
			defaultConfigurationName = Release;
		};
		7DFEB8201E5089510038FCE8 /* Build configuration list for PBXNativeTarget "YoutubeAppTests" */ = {
			isa = XCConfigurationList;
			buildConfigurations = (
				7DFEB8211E5089510038FCE8 /* Debug */,
				7DFEB8221E5089510038FCE8 /* Release */,
			);
			defaultConfigurationIsVisible = 0;
			defaultConfigurationName = Release;
		};
		7DFEB8231E5089510038FCE8 /* Build configuration list for PBXNativeTarget "YoutubeAppUITests" */ = {
			isa = XCConfigurationList;
			buildConfigurations = (
				7DFEB8241E5089510038FCE8 /* Debug */,
				7DFEB8251E5089510038FCE8 /* Release */,
			);
			defaultConfigurationIsVisible = 0;
			defaultConfigurationName = Release;
		};
/* End XCConfigurationList section */
	};
	rootObject = 7DFEB7E81E5089500038FCE8 /* Project object */;
}
